
Microsoft Visual Studio Solution File, Format Version 12.00
# Visual Studio Version 16
VisualStudioVersion = 16.0.29230.47
MinimumVisualStudioVersion = 10.0.40219.1
Project("{FAE04EC0-301F-11D3-BF4B-00C04F79EFBC}") = "A04-Threads-and-Tasks", "A04-Threads-and-Tasks.csproj", "{257D6BB9-F60A-4625-BEB4-F252A45BCEE9}"
EndProject
Global
	GlobalSection(SolutionConfigurationPlatforms) = preSolution
		Debug|Any CPU = Debug|Any CPU
		Release|Any CPU = Release|Any CPU
	EndGlobalSection
	GlobalSection(ProjectConfigurationPlatforms) = postSolution
		{257D6BB9-F60A-4625-BEB4-F252A45BCEE9}.Debug|Any CPU.ActiveCfg = Debug|Any CPU
		{257D6BB9-F60A-4625-BEB4-F252A45BCEE9}.Debug|Any CPU.Build.0 = Debug|Any CPU
		{257D6BB9-F60A-4625-BEB4-F252A45BCEE9}.Release|Any CPU.ActiveCfg = Release|Any CPU
		{257D6BB9-F60A-4625-BEB4-F252A45BCEE9}.Release|Any CPU.Build.0 = Release|Any CPU
	EndGlobalSection
	GlobalSection(SolutionProperties) = preSolution
		HideSolutionNode = FALSE
	EndGlobalSection
	GlobalSection(ExtensibilityGlobals) = postSolution
		SolutionGuid = {505ABD59-BD0D-4276-8EC9-152B7DA17854}
	EndGlobalSection
EndGlobal
